{
  "version": 4,
  "terraform_version": "0.12.9",
  "serial": 2,
  "lineage": "a73e584f-60cb-1c9c-c6ef-99bfc8e781db",
  "outputs": {
    "hostname": {
      "value": "two-tier-tfe-demo-app",
      "type": "string"
    },
    "vm_fqdn": {
      "value": "two-tier-tfe-demo-app.westus2.cloudapp.azure.com",
      "type": "string"
    }
  },
  "resources": [
    {
      "mode": "managed",
      "type": "azurerm_lb",
      "name": "two-tier-tfe-demo-app",
      "provider": "provider.azurerm",
      "instances": [
        {
          "schema_version": 0,
          "attributes": {
            "frontend_ip_configuration": [
              {
                "id": "/subscriptions/14692f20-9428-451b-8298-102ed4e39c2a/resourceGroups/two-tier-tfe-demo-app/providers/Microsoft.Network/loadBalancers/two-tier-tfe-demo-app-lb/frontendIPConfigurations/LoadBalancerFrontEnd",
                "inbound_nat_rules": [],
                "load_balancer_rules": [
                  "/subscriptions/14692f20-9428-451b-8298-102ed4e39c2a/resourceGroups/two-tier-tfe-demo-app/providers/Microsoft.Network/loadBalancers/two-tier-tfe-demo-app-lb/loadBalancingRules/LBRule"
                ],
                "name": "LoadBalancerFrontEnd",
                "outbound_rules": [],
                "private_ip_address": "",
                "private_ip_address_allocation": "Dynamic",
                "public_ip_address_id": "/subscriptions/14692f20-9428-451b-8298-102ed4e39c2a/resourceGroups/two-tier-tfe-demo-app/providers/Microsoft.Network/publicIPAddresses/two-tier-tfe-demo-app-ip",
                "public_ip_prefix_id": "",
                "subnet_id": "",
                "zones": []
              }
            ],
            "id": "/subscriptions/14692f20-9428-451b-8298-102ed4e39c2a/resourceGroups/two-tier-tfe-demo-app/providers/Microsoft.Network/loadBalancers/two-tier-tfe-demo-app-lb",
            "location": "westus2",
            "name": "two-tier-tfe-demo-app-lb",
            "private_ip_address": "",
            "private_ip_addresses": [],
            "resource_group_name": "two-tier-tfe-demo-app",
            "sku": "Basic",
            "tags": {}
          },
          "private": "bnVsbA==",
          "depends_on": [
            "azurerm_public_ip.two-tier-tfe-demo-app",
            "azurerm_resource_group.two-tier-tfe-demo-app"
          ]
        }
      ]
    },
    {
      "mode": "managed",
      "type": "azurerm_lb_backend_address_pool",
      "name": "two-tier-tfe-demo-app",
      "provider": "provider.azurerm",
      "instances": [
        {
          "schema_version": 0,
          "attributes": {
            "backend_ip_configurations": [
              "/subscriptions/14692f20-9428-451b-8298-102ed4e39c2a/resourceGroups/two-tier-tfe-demo-app/providers/Microsoft.Network/networkInterfaces/two-tier-tfe-demo-app-nic-0/ipConfigurations/ipconfig0",
              "/subscriptions/14692f20-9428-451b-8298-102ed4e39c2a/resourceGroups/two-tier-tfe-demo-app/providers/Microsoft.Network/networkInterfaces/two-tier-tfe-demo-app-nic-1/ipConfigurations/ipconfig1"
            ],
            "id": "/subscriptions/14692f20-9428-451b-8298-102ed4e39c2a/resourceGroups/two-tier-tfe-demo-app/providers/Microsoft.Network/loadBalancers/two-tier-tfe-demo-app-lb/backendAddressPools/BackendPool1",
            "load_balancing_rules": [
              "/subscriptions/14692f20-9428-451b-8298-102ed4e39c2a/resourceGroups/two-tier-tfe-demo-app/providers/Microsoft.Network/loadBalancers/two-tier-tfe-demo-app-lb/loadBalancingRules/LBRule"
            ],
            "loadbalancer_id": "/subscriptions/14692f20-9428-451b-8298-102ed4e39c2a/resourceGroups/two-tier-tfe-demo-app/providers/Microsoft.Network/loadBalancers/two-tier-tfe-demo-app-lb",
            "location": null,
            "name": "BackendPool1",
            "resource_group_name": "two-tier-tfe-demo-app"
          },
          "private": "bnVsbA==",
          "depends_on": [
            "azurerm_lb.two-tier-tfe-demo-app",
            "azurerm_resource_group.two-tier-tfe-demo-app"
          ]
        }
      ]
    },
    {
      "mode": "managed",
      "type": "azurerm_lb_probe",
      "name": "lb_probe",
      "provider": "provider.azurerm",
      "instances": [
        {
          "schema_version": 0,
          "attributes": {
            "id": "/subscriptions/14692f20-9428-451b-8298-102ed4e39c2a/resourceGroups/two-tier-tfe-demo-app/providers/Microsoft.Network/loadBalancers/two-tier-tfe-demo-app-lb/probes/tcpProbe",
            "interval_in_seconds": 5,
            "load_balancer_rules": [
              "/subscriptions/14692f20-9428-451b-8298-102ed4e39c2a/resourceGroups/two-tier-tfe-demo-app/providers/Microsoft.Network/loadBalancers/two-tier-tfe-demo-app-lb/loadBalancingRules/LBRule"
            ],
            "loadbalancer_id": "/subscriptions/14692f20-9428-451b-8298-102ed4e39c2a/resourceGroups/two-tier-tfe-demo-app/providers/Microsoft.Network/loadBalancers/two-tier-tfe-demo-app-lb",
            "location": null,
            "name": "tcpProbe",
            "number_of_probes": 2,
            "port": 80,
            "protocol": "Tcp",
            "request_path": "",
            "resource_group_name": "two-tier-tfe-demo-app"
          },
          "private": "bnVsbA==",
          "depends_on": [
            "azurerm_lb.two-tier-tfe-demo-app",
            "azurerm_resource_group.two-tier-tfe-demo-app"
          ]
        }
      ]
    },
    {
      "mode": "managed",
      "type": "azurerm_lb_rule",
      "name": "two-tier-tfe-demo-app",
      "provider": "provider.azurerm",
      "instances": [
        {
          "schema_version": 0,
          "attributes": {
            "backend_address_pool_id": "/subscriptions/14692f20-9428-451b-8298-102ed4e39c2a/resourceGroups/two-tier-tfe-demo-app/providers/Microsoft.Network/loadBalancers/two-tier-tfe-demo-app-lb/backendAddressPools/BackendPool1",
            "backend_port": 80,
            "disable_outbound_snat": false,
            "enable_floating_ip": false,
            "enable_tcp_reset": false,
            "frontend_ip_configuration_id": "/subscriptions/14692f20-9428-451b-8298-102ed4e39c2a/resourceGroups/two-tier-tfe-demo-app/providers/Microsoft.Network/loadBalancers/two-tier-tfe-demo-app-lb/frontendIPConfigurations/LoadBalancerFrontEnd",
            "frontend_ip_configuration_name": "LoadBalancerFrontEnd",
            "frontend_port": 80,
            "id": "/subscriptions/14692f20-9428-451b-8298-102ed4e39c2a/resourceGroups/two-tier-tfe-demo-app/providers/Microsoft.Network/loadBalancers/two-tier-tfe-demo-app-lb/loadBalancingRules/LBRule",
            "idle_timeout_in_minutes": 5,
            "load_distribution": "Default",
            "loadbalancer_id": "/subscriptions/14692f20-9428-451b-8298-102ed4e39c2a/resourceGroups/two-tier-tfe-demo-app/providers/Microsoft.Network/loadBalancers/two-tier-tfe-demo-app-lb",
            "location": null,
            "name": "LBRule",
            "probe_id": "/subscriptions/14692f20-9428-451b-8298-102ed4e39c2a/resourceGroups/two-tier-tfe-demo-app/providers/Microsoft.Network/loadBalancers/two-tier-tfe-demo-app-lb/probes/tcpProbe",
            "protocol": "Tcp",
            "resource_group_name": "two-tier-tfe-demo-app"
          },
          "private": "bnVsbA==",
          "depends_on": [
            "azurerm_lb.two-tier-tfe-demo-app",
            "azurerm_lb_backend_address_pool.two-tier-tfe-demo-app",
            "azurerm_lb_probe.lb_probe",
            "azurerm_resource_group.two-tier-tfe-demo-app"
          ]
        }
      ]
    },
    {
      "mode": "managed",
      "type": "azurerm_network_interface",
      "name": "nic",
      "each": "list",
      "provider": "provider.azurerm",
      "instances": [
        {
          "index_key": 0,
          "schema_version": 0,
          "attributes": {
            "applied_dns_servers": [],
            "dns_servers": [],
            "enable_accelerated_networking": false,
            "enable_ip_forwarding": false,
            "id": "/subscriptions/14692f20-9428-451b-8298-102ed4e39c2a/resourceGroups/two-tier-tfe-demo-app/providers/Microsoft.Network/networkInterfaces/two-tier-tfe-demo-app-nic-0",
            "internal_dns_name_label": "",
            "internal_fqdn": "",
            "ip_configuration": [
              {
                "application_gateway_backend_address_pools_ids": [],
                "application_security_group_ids": [],
                "load_balancer_backend_address_pools_ids": [
                  "/subscriptions/14692f20-9428-451b-8298-102ed4e39c2a/resourceGroups/two-tier-tfe-demo-app/providers/Microsoft.Network/loadBalancers/two-tier-tfe-demo-app-lb/backendAddressPools/BackendPool1"
                ],
                "load_balancer_inbound_nat_rules_ids": [],
                "name": "ipconfig0",
                "primary": true,
                "private_ip_address": "10.0.10.4",
                "private_ip_address_allocation": "dynamic",
                "private_ip_address_version": "IPv4",
                "public_ip_address_id": "",
                "subnet_id": "/subscriptions/14692f20-9428-451b-8298-102ed4e39c2a/resourceGroups/two-tier-tfe-demo-app/providers/Microsoft.Network/virtualNetworks/two-tier-tfe-demo-app-vnet/subnets/two-tier-tfe-demo-app-subnet"
              }
            ],
            "location": "westus2",
            "mac_address": "",
            "name": "two-tier-tfe-demo-app-nic-0",
            "network_security_group_id": "",
            "private_ip_address": "10.0.10.4",
            "private_ip_addresses": [
              "10.0.10.4"
            ],
            "resource_group_name": "two-tier-tfe-demo-app",
            "tags": {},
            "virtual_machine_id": null
          },
          "private": "bnVsbA==",
          "depends_on": [
            "azurerm_lb_backend_address_pool.two-tier-tfe-demo-app",
            "azurerm_resource_group.two-tier-tfe-demo-app",
            "azurerm_subnet.subnet"
          ]
        },
        {
          "index_key": 1,
          "schema_version": 0,
          "attributes": {
            "applied_dns_servers": [],
            "dns_servers": [],
            "enable_accelerated_networking": false,
            "enable_ip_forwarding": false,
            "id": "/subscriptions/14692f20-9428-451b-8298-102ed4e39c2a/resourceGroups/two-tier-tfe-demo-app/providers/Microsoft.Network/networkInterfaces/two-tier-tfe-demo-app-nic-1",
            "internal_dns_name_label": "",
            "internal_fqdn": "",
            "ip_configuration": [
              {
                "application_gateway_backend_address_pools_ids": [],
                "application_security_group_ids": [],
                "load_balancer_backend_address_pools_ids": [
                  "/subscriptions/14692f20-9428-451b-8298-102ed4e39c2a/resourceGroups/two-tier-tfe-demo-app/providers/Microsoft.Network/loadBalancers/two-tier-tfe-demo-app-lb/backendAddressPools/BackendPool1"
                ],
                "load_balancer_inbound_nat_rules_ids": [],
                "name": "ipconfig1",
                "primary": true,
                "private_ip_address": "10.0.10.5",
                "private_ip_address_allocation": "dynamic",
                "private_ip_address_version": "IPv4",
                "public_ip_address_id": "",
                "subnet_id": "/subscriptions/14692f20-9428-451b-8298-102ed4e39c2a/resourceGroups/two-tier-tfe-demo-app/providers/Microsoft.Network/virtualNetworks/two-tier-tfe-demo-app-vnet/subnets/two-tier-tfe-demo-app-subnet"
              }
            ],
            "location": "westus2",
            "mac_address": "",
            "name": "two-tier-tfe-demo-app-nic-1",
            "network_security_group_id": "",
            "private_ip_address": "10.0.10.5",
            "private_ip_addresses": [
              "10.0.10.5"
            ],
            "resource_group_name": "two-tier-tfe-demo-app",
            "tags": {},
            "virtual_machine_id": null
          },
          "private": "bnVsbA==",
          "depends_on": [
            "azurerm_lb_backend_address_pool.two-tier-tfe-demo-app",
            "azurerm_resource_group.two-tier-tfe-demo-app",
            "azurerm_subnet.subnet"
          ]
        }
      ]
    },
    {
      "mode": "managed",
      "type": "azurerm_public_ip",
      "name": "two-tier-tfe-demo-app",
      "provider": "provider.azurerm",
      "instances": [
        {
          "schema_version": 0,
          "attributes": {
            "allocation_method": "Dynamic",
            "domain_name_label": "two-tier-tfe-demo-app",
            "fqdn": "two-tier-tfe-demo-app.westus2.cloudapp.azure.com",
            "id": "/subscriptions/14692f20-9428-451b-8298-102ed4e39c2a/resourceGroups/two-tier-tfe-demo-app/providers/Microsoft.Network/publicIPAddresses/two-tier-tfe-demo-app-ip",
            "idle_timeout_in_minutes": 4,
            "ip_address": "",
            "ip_version": "IPv4",
            "location": "westus2",
            "name": "two-tier-tfe-demo-app-ip",
            "public_ip_address_allocation": "Dynamic",
            "public_ip_prefix_id": null,
            "resource_group_name": "two-tier-tfe-demo-app",
            "reverse_fqdn": "",
            "sku": "Basic",
            "tags": {},
            "zones": []
          },
          "private": "bnVsbA==",
          "depends_on": [
            "azurerm_resource_group.two-tier-tfe-demo-app"
          ]
        }
      ]
    },
    {
      "mode": "managed",
      "type": "azurerm_resource_group",
      "name": "two-tier-tfe-demo-app",
      "provider": "provider.azurerm",
      "instances": [
        {
          "schema_version": 0,
          "attributes": {
            "id": "/subscriptions/14692f20-9428-451b-8298-102ed4e39c2a/resourceGroups/two-tier-tfe-demo-app",
            "location": "westus2",
            "name": "two-tier-tfe-demo-app",
            "tags": {}
          },
          "private": "bnVsbA=="
        }
      ]
    },
    {
      "mode": "managed",
      "type": "azurerm_subnet",
      "name": "subnet",
      "provider": "provider.azurerm",
      "instances": [
        {
          "schema_version": 0,
          "attributes": {
            "address_prefix": "10.0.10.0/24",
            "delegation": [],
            "enforce_private_link_endpoint_network_policies": false,
            "enforce_private_link_service_network_policies": false,
            "id": "/subscriptions/14692f20-9428-451b-8298-102ed4e39c2a/resourceGroups/two-tier-tfe-demo-app/providers/Microsoft.Network/virtualNetworks/two-tier-tfe-demo-app-vnet/subnets/two-tier-tfe-demo-app-subnet",
            "ip_configurations": [
              "/subscriptions/14692f20-9428-451b-8298-102ed4e39c2a/resourceGroups/two-tier-tfe-demo-app/providers/Microsoft.Network/networkInterfaces/two-tier-tfe-demo-app-nic-0/ipConfigurations/ipconfig0",
              "/subscriptions/14692f20-9428-451b-8298-102ed4e39c2a/resourceGroups/two-tier-tfe-demo-app/providers/Microsoft.Network/networkInterfaces/two-tier-tfe-demo-app-nic-1/ipConfigurations/ipconfig1"
            ],
            "name": "two-tier-tfe-demo-app-subnet",
            "network_security_group_id": "",
            "resource_group_name": "two-tier-tfe-demo-app",
            "route_table_id": "",
            "service_endpoints": [],
            "virtual_network_name": "two-tier-tfe-demo-app-vnet"
          },
          "private": "bnVsbA==",
          "depends_on": [
            "azurerm_resource_group.two-tier-tfe-demo-app",
            "azurerm_virtual_network.two-tier-tfe-demo-app"
          ]
        }
      ]
    },
    {
      "mode": "managed",
      "type": "azurerm_virtual_machine",
      "name": "vm",
      "each": "list",
      "provider": "provider.azurerm",
      "instances": [
        {
          "index_key": 0,
          "schema_version": 0,
          "attributes": {
            "additional_capabilities": [],
            "availability_set_id": null,
            "boot_diagnostics": [],
            "delete_data_disks_on_termination": false,
            "delete_os_disk_on_termination": false,
            "id": "/subscriptions/14692f20-9428-451b-8298-102ed4e39c2a/resourceGroups/two-tier-tfe-demo-app/providers/Microsoft.Compute/virtualMachines/two-tier-tfe-demo-app-vm-0",
            "identity": [],
            "license_type": null,
            "location": "westus2",
            "name": "two-tier-tfe-demo-app-vm-0",
            "network_interface_ids": [
              "/subscriptions/14692f20-9428-451b-8298-102ed4e39c2a/resourceGroups/two-tier-tfe-demo-app/providers/Microsoft.Network/networkInterfaces/two-tier-tfe-demo-app-nic-0"
            ],
            "os_profile": [
              {
                "admin_password": "",
                "admin_username": "two-tier-admin",
                "computer_name": "two-tier-tfe-demo-app",
                "custom_data": ""
              }
            ],
            "os_profile_linux_config": [
              {
                "disable_password_authentication": false,
                "ssh_keys": []
              }
            ],
            "os_profile_secrets": [],
            "os_profile_windows_config": [],
            "plan": [],
            "primary_network_interface_id": null,
            "proximity_placement_group_id": null,
            "resource_group_name": "two-tier-tfe-demo-app",
            "storage_data_disk": [],
            "storage_image_reference": [
              {
                "id": "",
                "offer": "UbuntuServer",
                "publisher": "Canonical",
                "sku": "18.04-LTS",
                "version": "latest"
              }
            ],
            "storage_os_disk": [
              {
                "caching": "ReadWrite",
                "create_option": "FromImage",
                "disk_size_gb": 30,
                "image_uri": "",
                "managed_disk_id": "/subscriptions/14692f20-9428-451b-8298-102ed4e39c2a/resourceGroups/TWO-TIER-TFE-DEMO-APP/providers/Microsoft.Compute/disks/osdisk0",
                "managed_disk_type": "Premium_LRS",
                "name": "osdisk0",
                "os_type": "Linux",
                "vhd_uri": "",
                "write_accelerator_enabled": false
              }
            ],
            "tags": {
              "environment": "dev",
              "name": "neil-test",
              "owner": "neil-dahlke"
            },
            "vm_size": "Standard_B1s",
            "zones": null
          },
          "private": "bnVsbA==",
          "depends_on": [
            "azurerm_network_interface.nic",
            "azurerm_resource_group.two-tier-tfe-demo-app"
          ]
        }
      ]
    },
    {
      "mode": "managed",
      "type": "azurerm_virtual_network",
      "name": "two-tier-tfe-demo-app",
      "provider": "provider.azurerm",
      "instances": [
        {
          "schema_version": 0,
          "attributes": {
            "address_space": [
              "10.0.0.0/16"
            ],
            "ddos_protection_plan": [],
            "dns_servers": [],
            "id": "/subscriptions/14692f20-9428-451b-8298-102ed4e39c2a/resourceGroups/two-tier-tfe-demo-app/providers/Microsoft.Network/virtualNetworks/two-tier-tfe-demo-app-vnet",
            "location": "westus2",
            "name": "two-tier-tfe-demo-app-vnet",
            "resource_group_name": "two-tier-tfe-demo-app",
            "subnet": [
              {
                "address_prefix": "10.0.10.0/24",
                "id": "/subscriptions/14692f20-9428-451b-8298-102ed4e39c2a/resourceGroups/two-tier-tfe-demo-app/providers/Microsoft.Network/virtualNetworks/two-tier-tfe-demo-app-vnet/subnets/two-tier-tfe-demo-app-subnet",
                "name": "two-tier-tfe-demo-app-subnet",
                "security_group": ""
              }
            ],
            "tags": {}
          },
          "private": "bnVsbA==",
          "depends_on": [
            "azurerm_resource_group.two-tier-tfe-demo-app"
          ]
        }
      ]
    }
  ]
}
